// !$*UTF8*$!
{
	archiveVersion = 1;
	classes = {
	};
	objectVersion = 56;
	objects = {

/* Begin PBXBuildFile section */
		A0C8466329F8A2170019B71E /* AppDelegate.swift in Sources */ = {isa = PBXBuildFile; fileRef = A0C8466229F8A2170019B71E /* AppDelegate.swift */; };
		A0C8466529F8A2170019B71E /* SceneDelegate.swift in Sources */ = {isa = PBXBuildFile; fileRef = A0C8466429F8A2170019B71E /* SceneDelegate.swift */; };
		A0C8466729F8A2170019B71E /* MovieListViewController.swift in Sources */ = {isa = PBXBuildFile; fileRef = A0C8466629F8A2170019B71E /* MovieListViewController.swift */; };
		A0C8466A29F8A2170019B71E /* Main.storyboard in Resources */ = {isa = PBXBuildFile; fileRef = A0C8466829F8A2170019B71E /* Main.storyboard */; };
		A0C8466C29F8A2180019B71E /* Assets.xcassets in Resources */ = {isa = PBXBuildFile; fileRef = A0C8466B29F8A2180019B71E /* Assets.xcassets */; };
		A0C8466F29F8A2180019B71E /* LaunchScreen.storyboard in Resources */ = {isa = PBXBuildFile; fileRef = A0C8466D29F8A2180019B71E /* LaunchScreen.storyboard */; };
		A0C8467929F8A8420019B71E /* SearchResponse.swift in Sources */ = {isa = PBXBuildFile; fileRef = A0C8467829F8A8420019B71E /* SearchResponse.swift */; };
		A0C8467B29F8A8F20019B71E /* MovieService.swift in Sources */ = {isa = PBXBuildFile; fileRef = A0C8467A29F8A8F20019B71E /* MovieService.swift */; };
		A0C8467F29F8A98D0019B71E /* Localizable.strings in Resources */ = {isa = PBXBuildFile; fileRef = A0C8468129F8A98D0019B71E /* Localizable.strings */; };
		A0C8468429F8AA080019B71E /* SearchMoviesListViewController.swift in Sources */ = {isa = PBXBuildFile; fileRef = A0C8468329F8AA080019B71E /* SearchMoviesListViewController.swift */; };
/* End PBXBuildFile section */

/* Begin PBXFileReference section */
		A0C8465F29F8A2170019B71E /* Lab 3.app */ = {isa = PBXFileReference; explicitFileType = wrapper.application; includeInIndex = 0; path = "Lab 3.app"; sourceTree = BUILT_PRODUCTS_DIR; };
		A0C8466229F8A2170019B71E /* AppDelegate.swift */ = {isa = PBXFileReference; lastKnownFileType = sourcecode.swift; path = AppDelegate.swift; sourceTree = "<group>"; };
		A0C8466429F8A2170019B71E /* SceneDelegate.swift */ = {isa = PBXFileReference; lastKnownFileType = sourcecode.swift; path = SceneDelegate.swift; sourceTree = "<group>"; };
		A0C8466629F8A2170019B71E /* MovieListViewController.swift */ = {isa = PBXFileReference; lastKnownFileType = sourcecode.swift; path = MovieListViewController.swift; sourceTree = "<group>"; };
		A0C8466929F8A2170019B71E /* Base */ = {isa = PBXFileReference; lastKnownFileType = file.storyboard; name = Base; path = Base.lproj/Main.storyboard; sourceTree = "<group>"; };
		A0C8466B29F8A2180019B71E /* Assets.xcassets */ = {isa = PBXFileReference; lastKnownFileType = folder.assetcatalog; path = Assets.xcassets; sourceTree = "<group>"; };
		A0C8466E29F8A2180019B71E /* Base */ = {isa = PBXFileReference; lastKnownFileType = file.storyboard; name = Base; path = Base.lproj/LaunchScreen.storyboard; sourceTree = "<group>"; };
		A0C8467029F8A2180019B71E /* Info.plist */ = {isa = PBXFileReference; lastKnownFileType = text.plist.xml; path = Info.plist; sourceTree = "<group>"; };
		A0C8467829F8A8420019B71E /* SearchResponse.swift */ = {isa = PBXFileReference; lastKnownFileType = sourcecode.swift; path = SearchResponse.swift; sourceTree = "<group>"; };
		A0C8467A29F8A8F20019B71E /* MovieService.swift */ = {isa = PBXFileReference; lastKnownFileType = sourcecode.swift; path = MovieService.swift; sourceTree = "<group>"; };
		A0C8468029F8A98D0019B71E /* en */ = {isa = PBXFileReference; lastKnownFileType = text.plist.strings; name = en; path = en.lproj/Localizable.strings; sourceTree = "<group>"; };
		A0C8468329F8AA080019B71E /* SearchMoviesListViewController.swift */ = {isa = PBXFileReference; lastKnownFileType = sourcecode.swift; path = SearchMoviesListViewController.swift; sourceTree = "<group>"; };
		EF8BF3B529F8CC8600B47E99 /* fil */ = {isa = PBXFileReference; lastKnownFileType = text.plist.strings; name = fil; path = fil.lproj/Localizable.strings; sourceTree = "<group>"; };
/* End PBXFileReference section */

/* Begin PBXFrameworksBuildPhase section */
		A0C8465C29F8A2170019B71E /* Frameworks */ = {
			isa = PBXFrameworksBuildPhase;
			buildActionMask = 2147483647;
			files = (
			);
			runOnlyForDeploymentPostprocessing = 0;
		};
/* End PBXFrameworksBuildPhase section */

/* Begin PBXGroup section */
		A0C8465629F8A2170019B71E = {
			isa = PBXGroup;
			children = (
				A0C8466129F8A2170019B71E /* Lab 3 */,
				A0C8466029F8A2170019B71E /* Products */,
			);
			sourceTree = "<group>";
		};
		A0C8466029F8A2170019B71E /* Products */ = {
			isa = PBXGroup;
			children = (
				A0C8465F29F8A2170019B71E /* Lab 3.app */,
			);
			name = Products;
			sourceTree = "<group>";
		};
		A0C8466129F8A2170019B71E /* Lab 3 */ = {
			isa = PBXGroup;
			children = (
				A0C8467C29F8A90B0019B71E /* MovieService */,
				A0C8466229F8A2170019B71E /* AppDelegate.swift */,
				A0C8466429F8A2170019B71E /* SceneDelegate.swift */,
				A0C8466629F8A2170019B71E /* MovieListViewController.swift */,
				A0C8468329F8AA080019B71E /* SearchMoviesListViewController.swift */,
				A0C8466829F8A2170019B71E /* Main.storyboard */,
				A0C8466B29F8A2180019B71E /* Assets.xcassets */,
				A0C8466D29F8A2180019B71E /* LaunchScreen.storyboard */,
				A0C8467029F8A2180019B71E /* Info.plist */,
				A0C8468129F8A98D0019B71E /* Localizable.strings */,
			);
			path = "Lab 3";
			sourceTree = "<group>";
		};
		A0C8467C29F8A90B0019B71E /* MovieService */ = {
			isa = PBXGroup;
			children = (
				A0C8467A29F8A8F20019B71E /* MovieService.swift */,
				A0C8467829F8A8420019B71E /* SearchResponse.swift */,
			);
			path = MovieService;
			sourceTree = "<group>";
		};
/* End PBXGroup section */

/* Begin PBXNativeTarget section */
		A0C8465E29F8A2170019B71E /* Lab 3 */ = {
			isa = PBXNativeTarget;
			buildConfigurationList = A0C8467329F8A2180019B71E /* Build configuration list for PBXNativeTarget "Lab 3" */;
			buildPhases = (
				A0C8465B29F8A2170019B71E /* Sources */,
				A0C8465C29F8A2170019B71E /* Frameworks */,
				A0C8465D29F8A2170019B71E /* Resources */,
			);
			buildRules = (
			);
			dependencies = (
			);
			name = "Lab 3";
			productName = "Lab 3";
			productReference = A0C8465F29F8A2170019B71E /* Lab 3.app */;
			productType = "com.apple.product-type.application";
		};
/* End PBXNativeTarget section */

/* Begin PBXProject section */
		A0C8465729F8A2170019B71E /* Project object */ = {
			isa = PBXProject;
			attributes = {
				BuildIndependentTargetsInParallel = 1;
				LastSwiftUpdateCheck = 1410;
				LastUpgradeCheck = 1410;
				TargetAttributes = {
					A0C8465E29F8A2170019B71E = {
						CreatedOnToolsVersion = 14.1;
					};
				};
			};
			buildConfigurationList = A0C8465A29F8A2170019B71E /* Build configuration list for PBXProject "Lab 3" */;
			compatibilityVersion = "Xcode 14.0";
			developmentRegion = en;
			hasScannedForEncodings = 0;
			knownRegions = (
				en,
				Base,
				fil,
			);
			mainGroup = A0C8465629F8A2170019B71E;
			productRefGroup = A0C8466029F8A2170019B71E /* Products */;
			projectDirPath = "";
			projectRoot = "";
			targets = (
				A0C8465E29F8A2170019B71E /* Lab 3 */,
			);
		};
/* End PBXProject section */

/* Begin PBXResourcesBuildPhase section */
		A0C8465D29F8A2170019B71E /* Resources */ = {
			isa = PBXResourcesBuildPhase;
			buildActionMask = 2147483647;
			files = (
				A0C8466F29F8A2180019B71E /* LaunchScreen.storyboard in Resources */,
				A0C8467F29F8A98D0019B71E /* Localizable.strings in Resources */,
				A0C8466C29F8A2180019B71E /* Assets.xcassets in Resources */,
				A0C8466A29F8A2170019B71E /* Main.storyboard in Resources */,
			);
			runOnlyForDeploymentPostprocessing = 0;
		};
/* End PBXResourcesBuildPhase section */

/* Begin PBXSourcesBuildPhase section */
		A0C8465B29F8A2170019B71E /* Sources */ = {
			isa = PBXSourcesBuildPhase;
			buildActionMask = 2147483647;
			files = (
				A0C8467929F8A8420019B71E /* SearchResponse.swift in Sources */,
				A0C8466729F8A2170019B71E /* MovieListViewController.swift in Sources */,
				A0C8466329F8A2170019B71E /* AppDelegate.swift in Sources */,
				A0C8468429F8AA080019B71E /* SearchMoviesListViewController.swift in Sources */,
				A0C8466529F8A2170019B71E /* SceneDelegate.swift in Sources */,
				A0C8467B29F8A8F20019B71E /* MovieService.swift in Sources */,
			);
			runOnlyForDeploymentPostprocessing = 0;
		};
/* End PBXSourcesBuildPhase section */

/* Begin PBXVariantGroup section */
		A0C8466829F8A2170019B71E /* Main.storyboard */ = {
			isa = PBXVariantGroup;
			children = (
				A0C8466929F8A2170019B71E /* Base */,
			);
			name = Main.storyboard;
			sourceTree = "<group>";
		};
		A0C8466D29F8A2180019B71E /* LaunchScreen.storyboard */ = {
			isa = PBXVariantGroup;
			children = (
				A0C8466E29F8A2180019B71E /* Base */,
			);
			name = LaunchScreen.storyboard;
			sourceTree = "<group>";
		};
		A0C8468129F8A98D0019B71E /* Localizable.strings */ = {
			isa = PBXVariantGroup;
			children = (
				A0C8468029F8A98D0019B71E /* en */,
				EF8BF3B529F8CC8600B47E99 /* fil */,
			);
			name = Localizable.strings;
			sourceTree = "<group>";
		};
/* End PBXVariantGroup section */

/* Begin XCBuildConfiguration section */
		A0C8467129F8A2180019B71E /* Debug */ = {
			isa = XCBuildConfiguration;
			buildSettings = {
				ALWAYS_SEARCH_USER_PATHS = NO;
				CLANG_ANALYZER_LOCALIZABILITY_NONLOCALIZED = YES;
				CLANG_ANALYZER_NONNULL = YES;
				CLANG_ANALYZER_NUMBER_OBJECT_CONVERSION = YES_AGGRESSIVE;
				CLANG_CXX_LANGUAGE_STANDARD = "gnu++20";
				CLANG_ENABLE_MODULES = YES;
				CLANG_ENABLE_OBJC_ARC = YES;
				CLANG_ENABLE_OBJC_WEAK = YES;
				CLANG_WARN_BLOCK_CAPTURE_AUTORELEASING = YES;
				CLANG_WARN_BOOL_CONVERSION = YES;
				CLANG_WARN_COMMA = YES;
				CLANG_WARN_CONSTANT_CONVERSION = YES;
				CLANG_WARN_DEPRECATED_OBJC_IMPLEMENTATIONS = YES;
				CLANG_WARN_DIRECT_OBJC_ISA_USAGE = YES_ERROR;
				CLANG_WARN_DOCUMENTATION_COMMENTS = YES;
				CLANG_WARN_EMPTY_BODY = YES;
				CLANG_WARN_ENUM_CONVERSION = YES;
				CLANG_WARN_INFINITE_RECURSION = YES;
				CLANG_WARN_INT_CONVERSION = YES;
				CLANG_WARN_NON_LITERAL_NULL_CONVERSION = YES;
				CLANG_WARN_OBJC_IMPLICIT_RETAIN_SELF = YES;
				CLANG_WARN_OBJC_LITERAL_CONVERSION = YES;
				CLANG_WARN_OBJC_ROOT_CLASS = YES_ERROR;
				CLANG_WARN_QUOTED_INCLUDE_IN_FRAMEWORK_HEADER = YES;
				CLANG_WARN_RANGE_LOOP_ANALYSIS = YES;
				CLANG_WARN_STRICT_PROTOTYPES = YES;
				CLANG_WARN_SUSPICIOUS_MOVE = YES;
				CLANG_WARN_UNGUARDED_AVAILABILITY = YES_AGGRESSIVE;
				CLANG_WARN_UNREACHABLE_CODE = YES;
				CLANG_WARN__DUPLICATE_METHOD_MATCH = YES;
				COPY_PHASE_STRIP = NO;
				DEBUG_INFORMATION_FORMAT = dwarf;
				ENABLE_STRICT_OBJC_MSGSEND = YES;
				ENABLE_TESTABILITY = YES;
				GCC_C_LANGUAGE_STANDARD = gnu11;
				GCC_DYNAMIC_NO_PIC = NO;
				GCC_NO_COMMON_BLOCKS = YES;
				GCC_OPTIMIZATION_LEVEL = 0;
				GCC_PREPROCESSOR_DEFINITIONS = (
					"DEBUG=1",
					"$(inherited)",
				);
				GCC_WARN_64_TO_32_BIT_CONVERSION = YES;
				GCC_WARN_ABOUT_RETURN_TYPE = YES_ERROR;
				GCC_WARN_UNDECLARED_SELECTOR = YES;
				GCC_WARN_UNINITIALIZED_AUTOS = YES_AGGRESSIVE;
				GCC_WARN_UNUSED_FUNCTION = YES;
				GCC_WARN_UNUSED_VARIABLE = YES;
				IPHONEOS_DEPLOYMENT_TARGET = 16.1;
				MTL_ENABLE_DEBUG_INFO = INCLUDE_SOURCE;
				MTL_FAST_MATH = YES;
				ONLY_ACTIVE_ARCH = YES;
				SDKROOT = iphoneos;
				SWIFT_ACTIVE_COMPILATION_CONDITIONS = DEBUG;
				SWIFT_OPTIMIZATION_LEVEL = "-Onone";
			};
			name = Debug;
		};
		A0C8467229F8A2180019B71E /* Release */ = {
			isa = XCBuildConfiguration;
			buildSettings = {
				ALWAYS_SEARCH_USER_PATHS = NO;
				CLANG_ANALYZER_LOCALIZABILITY_NONLOCALIZED = YES;
				CLANG_ANALYZER_NONNULL = YES;
				CLANG_ANALYZER_NUMBER_OBJECT_CONVERSION = YES_AGGRESSIVE;
				CLANG_CXX_LANGUAGE_STANDARD = "gnu++20";
				CLANG_ENABLE_MODULES = YES;
				CLANG_ENABLE_OBJC_ARC = YES;
				CLANG_ENABLE_OBJC_WEAK = YES;
				CLANG_WARN_BLOCK_CAPTURE_AUTORELEASING = YES;
				CLANG_WARN_BOOL_CONVERSION = YES;
				CLANG_WARN_COMMA = YES;
				CLANG_WARN_CONSTANT_CONVERSION = YES;
				CLANG_WARN_DEPRECATED_OBJC_IMPLEMENTATIONS = YES;
				CLANG_WARN_DIRECT_OBJC_ISA_USAGE = YES_ERROR;
				CLANG_WARN_DOCUMENTATION_COMMENTS = YES;
				CLANG_WARN_EMPTY_BODY = YES;
				CLANG_WARN_ENUM_CONVERSION = YES;
				CLANG_WARN_INFINITE_RECURSION = YES;
				CLANG_WARN_INT_CONVERSION = YES;
				CLANG_WARN_NON_LITERAL_NULL_CONVERSION = YES;
				CLANG_WARN_OBJC_IMPLICIT_RETAIN_SELF = YES;
				CLANG_WARN_OBJC_LITERAL_CONVERSION = YES;
				CLANG_WARN_OBJC_ROOT_CLASS = YES_ERROR;
				CLANG_WARN_QUOTED_INCLUDE_IN_FRAMEWORK_HEADER = YES;
				CLANG_WARN_RANGE_LOOP_ANALYSIS = YES;
				CLANG_WARN_STRICT_PROTOTYPES = YES;
				CLANG_WARN_SUSPICIOUS_MOVE = YES;
				CLANG_WARN_UNGUARDED_AVAILABILITY = YES_AGGRESSIVE;
				CLANG_WARN_UNREACHABLE_CODE = YES;
				CLANG_WARN__DUPLICATE_METHOD_MATCH = YES;
				COPY_PHASE_STRIP = NO;
				DEBUG_INFORMATION_FORMAT = "dwarf-with-dsym";
				ENABLE_NS_ASSERTIONS = NO;
				ENABLE_STRICT_OBJC_MSGSEND = YES;
				GCC_C_LANGUAGE_STANDARD = gnu11;
				GCC_NO_COMMON_BLOCKS = YES;
				GCC_WARN_64_TO_32_BIT_CONVERSION = YES;
				GCC_WARN_ABOUT_RETURN_TYPE = YES_ERROR;
				GCC_WARN_UNDECLARED_SELECTOR = YES;
				GCC_WARN_UNINITIALIZED_AUTOS = YES_AGGRESSIVE;
				GCC_WARN_UNUSED_FUNCTION = YES;
				GCC_WARN_UNUSED_VARIABLE = YES;
				IPHONEOS_DEPLOYMENT_TARGET = 16.1;
				MTL_ENABLE_DEBUG_INFO = NO;
				MTL_FAST_MATH = YES;
				SDKROOT = iphoneos;
				SWIFT_COMPILATION_MODE = wholemodule;
				SWIFT_OPTIMIZATION_LEVEL = "-O";
				VALIDATE_PRODUCT = YES;
			};
			name = Release;
		};
		A0C8467429F8A2180019B71E /* Debug */ = {
			isa = XCBuildConfiguration;
			buildSettings = {
				ASSETCATALOG_COMPILER_APPICON_NAME = AppIcon;
				ASSETCATALOG_COMPILER_GLOBAL_ACCENT_COLOR_NAME = AccentColor;
				CODE_SIGN_STYLE = Automatic;
				CURRENT_PROJECT_VERSION = 1;
				DEVELOPMENT_TEAM = 496Y2U293A;
				GENERATE_INFOPLIST_FILE = YES;
				INFOPLIST_FILE = "Lab 3/Info.plist";
				INFOPLIST_KEY_UIApplicationSupportsIndirectInputEvents = YES;
				INFOPLIST_KEY_UILaunchStoryboardName = LaunchScreen;
				INFOPLIST_KEY_UIMainStoryboardFile = Main;
				INFOPLIST_KEY_UISupportedInterfaceOrientations_iPad = "UIInterfaceOrientationPortrait UIInterfaceOrientationPortraitUpsideDown UIInterfaceOrientationLandscapeLeft UIInterfaceOrientationLandscapeRight";
				INFOPLIST_KEY_UISupportedInterfaceOrientations_iPhone = "UIInterfaceOrientationPortrait UIInterfaceOrientationLandscapeLeft UIInterfaceOrientationLandscapeRight";
				LD_RUNPATH_SEARCH_PATHS = (
					"$(inherited)",
					"@executable_path/Frameworks",
				);
				MARKETING_VERSION = 1.0;
				PRODUCT_BUNDLE_IDENTIFIER = "com.luisligunas.Lab-3";
				PRODUCT_NAME = "$(TARGET_NAME)";
				SWIFT_EMIT_LOC_STRINGS = YES;
				SWIFT_VERSION = 5.0;
				TARGETED_DEVICE_FAMILY = "1,2";
			};
			name = Debug;
		};
		A0C8467529F8A2180019B71E /* Release */ = {
			isa = XCBuildConfiguration;
			buildSettings = {
				ASSETCATALOG_COMPILER_APPICON_NAME = AppIcon;
				ASSETCATALOG_COMPILER_GLOBAL_ACCENT_COLOR_NAME = AccentColor;
				CODE_SIGN_STYLE = Automatic;
				CURRENT_PROJECT_VERSION = 1;
				DEVELOPMENT_TEAM = 496Y2U293A;
				GENERATE_INFOPLIST_FILE = YES;
				INFOPLIST_FILE = "Lab 3/Info.plist";
				INFOPLIST_KEY_UIApplicationSupportsIndirectInputEvents = YES;
				INFOPLIST_KEY_UILaunchStoryboardName = LaunchScreen;
				INFOPLIST_KEY_UIMainStoryboardFile = Main;
				INFOPLIST_KEY_UISupportedInterfaceOrientations_iPad = "UIInterfaceOrientationPortrait UIInterfaceOrientationPortraitUpsideDown UIInterfaceOrientationLandscapeLeft UIInterfaceOrientationLandscapeRight";
				INFOPLIST_KEY_UISupportedInterfaceOrientations_iPhone = "UIInterfaceOrientationPortrait UIInterfaceOrientationLandscapeLeft UIInterfaceOrientationLandscapeRight";
				LD_RUNPATH_SEARCH_PATHS = (
					"$(inherited)",
					"@executable_path/Frameworks",
				);
				MARKETING_VERSION = 1.0;
				PRODUCT_BUNDLE_IDENTIFIER = "com.luisligunas.Lab-3";
				PRODUCT_NAME = "$(TARGET_NAME)";
				SWIFT_EMIT_LOC_STRINGS = YES;
				SWIFT_VERSION = 5.0;
				TARGETED_DEVICE_FAMILY = "1,2";
			};
			name = Release;
		};
/* End XCBuildConfiguration section */

/* Begin XCConfigurationList section */
		A0C8465A29F8A2170019B71E /* Build configuration list for PBXProject "Lab 3" */ = {
			isa = XCConfigurationList;
			buildConfigurations = (
				A0C8467129F8A2180019B71E /* Debug */,
				A0C8467229F8A2180019B71E /* Release */,
			);
			defaultConfigurationIsVisible = 0;
			defaultConfigurationName = Release;
		};
		A0C8467329F8A2180019B71E /* Build configuration list for PBXNativeTarget "Lab 3" */ = {
			isa = XCConfigurationList;
			buildConfigurations = (
				A0C8467429F8A2180019B71E /* Debug */,
				A0C8467529F8A2180019B71E /* Release */,
			);
			defaultConfigurationIsVisible = 0;
			defaultConfigurationName = Release;
		};
/* End XCConfigurationList section */
	};
	rootObject = A0C8465729F8A2170019B71E /* Project object */;
}
